<?xml version="1.0" encoding="utf-8"?>
<Project ToolsVersion="4.0" xmlns="http://schemas.microsoft.com/developer/msbuild/2003">
  <ItemGroup>
    <Filter Include="Source Files">
      <UniqueIdentifier>{4FC737F1-C7A5-4376-A066-2A32D752A2FF}</UniqueIdentifier>
      <Extensions>cpp;c;cc;cxx;c++;cppm;ixx;def;odl;idl;hpj;bat;asm;asmx</Extensions>
    </Filter>
    <Filter Include="Header Files">
      <UniqueIdentifier>{93995380-89BD-4b04-88EB-625FBE52EBFB}</UniqueIdentifier>
      <Extensions>h;hh;hpp;hxx;h++;hm;inl;inc;ipp;xsd</Extensions>
    </Filter>
    <Filter Include="Resource Files">
      <UniqueIdentifier>{67DA6AB6-F800-4c08-8B7A-83BB121AAD01}</UniqueIdentifier>
      <Extensions>rc;ico;cur;bmp;dlg;rc2;rct;bin;rgs;gif;jpg;jpeg;jpe;resx;tiff;tif;png;wav;mfcribbon-ms</Extensions>
    </Filter>
  </ItemGroup>
  <ItemGroup>
    <ClInclude Include="framework.h">
      <Filter>Header Files</Filter>
    </ClInclude>
    <ClInclude Include="targetver.h">
      <Filter>Header Files</Filter>
    </ClInclude>
    <ClInclude Include="Resource.h">
      <Filter>Header Files</Filter>
    </ClInclude>
    <ClInclude Include="as.h">
      <Filter>Header Files</Filter>
    </ClInclude>
    <ClInclude Include="stdafx.h">
      <Filter>Header Files</Filter>
    </ClInclude>
    <ClInclude Include="ClinkT.h">
      <Filter>Header Files</Filter>
    </ClInclude>
    <ClInclude Include="log.h">
      <Filter>Header Files</Filter>
    </ClInclude>
    <ClInclude Include="CfgForm.h">
      <Filter>Header Files</Filter>
    </ClInclude>
    <ClInclude Include="InvForm.h">
      <Filter>Header Files</Filter>
    </ClInclude>
    <ClInclude Include="IOForm.h">
      <Filter>Header Files</Filter>
    </ClInclude>
    <ClInclude Include="StopForm.h">
      <Filter>Header Files</Filter>
    </ClInclude>
    <ClInclude Include="TruckFm.h">
      <Filter>Header Files</Filter>
    </ClInclude>
    <ClInclude Include="FallFm.h">
      <Filter>Header Files</Filter>
    </ClInclude>
    <ClInclude Include="ReprintF.h">
      <Filter>Header Files</Filter>
    </ClInclude>
    <ClInclude Include="cfx.h">
      <Filter>Header Files</Filter>
    </ClInclude>
    <ClInclude Include="DbaseT.h">
      <Filter>Header Files</Filter>
    </ClInclude>
    <ClInclude Include="DbaseTB.h">
      <Filter>Header Files</Filter>
    </ClInclude>
    <ClInclude Include="Opto.h">
      <Filter>Header Files</Filter>
    </ClInclude>
    <ClInclude Include="OptoT.h">
      <Filter>Header Files</Filter>
    </ClInclude>
    <ClInclude Include="OptoTP.h">
      <Filter>Header Files</Filter>
    </ClInclude>
    <ClInclude Include="ScaleT.h">
      <Filter>Header Files</Filter>
    </ClInclude>
    <ClInclude Include="ScaleTP.h">
      <Filter>Header Files</Filter>
    </ClInclude>
    <ClInclude Include="ScaleTPS.h">
      <Filter>Header Files</Filter>
    </ClInclude>
    <ClInclude Include="Silo.h">
      <Filter>Header Files</Filter>
    </ClInclude>
    <ClInclude Include="CservT.h">
      <Filter>Header Files</Filter>
    </ClInclude>
    <ClInclude Include="PrintT.h">
      <Filter>Header Files</Filter>
    </ClInclude>
    <ClInclude Include="PreView.h">
      <Filter>Header Files</Filter>
    </ClInclude>
    <ClInclude Include="SimT.h">
      <Filter>Header Files</Filter>
    </ClInclude>
    <ClInclude Include="UlinkT.h">
      <Filter>Header Files</Filter>
    </ClInclude>
    <ClInclude Include="ticket.h">
      <Filter>Header Files</Filter>
    </ClInclude>
    <ClInclude Include="Form1.h">
      <Filter>Header Files</Filter>
    </ClInclude>
  </ItemGroup>
  <ItemGroup>
    <ClCompile Include="as.cpp">
      <Filter>Source Files</Filter>
    </ClCompile>
    <ClCompile Include="AssemblyInfo.cpp">
      <Filter>Source Files</Filter>
    </ClCompile>
  </ItemGroup>
  <ItemGroup>
    <ResourceCompile Include="as.rc">
      <Filter>Resource Files</Filter>
    </ResourceCompile>
  </ItemGroup>
  <ItemGroup>
    <Image Include="small.ico">
      <Filter>Resource Files</Filter>
    </Image>
    <Image Include="as.ico">
      <Filter>Resource Files</Filter>
    </Image>
  </ItemGroup>
  <ItemGroup>
    <EmbeddedResource Include="CfgForm.resx">
      <Filter>Header Files</Filter>
    </EmbeddedResource>
    <EmbeddedResource Include="TruckFm.resx">
      <Filter>Header Files</Filter>
    </EmbeddedResource>
    <EmbeddedResource Include="StopForm.resx">
      <Filter>Header Files</Filter>
    </EmbeddedResource>
    <EmbeddedResource Include="ReprintF.resx">
      <Filter>Header Files</Filter>
    </EmbeddedResource>
    <EmbeddedResource Include="PreView.resx">
      <Filter>Header Files</Filter>
    </EmbeddedResource>
    <EmbeddedResource Include="IOForm.resx">
      <Filter>Header Files</Filter>
    </EmbeddedResource>
    <EmbeddedResource Include="InvForm.resx">
      <Filter>Header Files</Filter>
    </EmbeddedResource>
  </ItemGroup>
</Project>